<Project xmlns="http://schemas.microsoft.com/developer/msbuild/2003">
  <PropertyGroup>
    <ProjectGuid>{e62f2bd5-9ac5-44e2-b1f6-83830c32098e}</ProjectGuid>
    <MainSource>LoginGate.dpr</MainSource>
    <Configuration Condition=" '$(Configuration)' == '' ">Debug</Configuration>
    <Platform Condition=" '$(Platform)' == '' ">AnyCPU</Platform>
    <DCC_DCCCompiler>DCC32</DCC_DCCCompiler>
    <DCC_DependencyCheckOutputName>..\MirServer\LoginGate\LoginGate.exe</DCC_DependencyCheckOutputName>
  </PropertyGroup>
  <PropertyGroup Condition=" '$(Configuration)|$(Platform)' == 'Release|AnyCPU' ">
    <Version>7.0</Version>
    <DCC_DebugInformation>False</DCC_DebugInformation>
    <DCC_LocalDebugSymbols>False</DCC_LocalDebugSymbols>
    <DCC_SymbolReferenceInfo>0</DCC_SymbolReferenceInfo>
    <DCC_ExeOutput>..\MirServer\</DCC_ExeOutput>
    <DCC_DcuOutput>.\Temp</DCC_DcuOutput>
    <DCC_ObjOutput>.\Temp</DCC_ObjOutput>
    <DCC_HppOutput>.\Temp</DCC_HppOutput>
    <DCC_UnitSearchPath>..\Common;D:\EGameOfMir\Component\JSocket</DCC_UnitSearchPath>
    <DCC_ResourcePath>..\Common;D:\EGameOfMir\Component\JSocket</DCC_ResourcePath>
    <DCC_ObjPath>..\Common;D:\EGameOfMir\Component\JSocket</DCC_ObjPath>
    <DCC_IncludePath>..\Common;D:\EGameOfMir\Component\JSocket</DCC_IncludePath>
    <DCC_Define>RELEASE</DCC_Define>
  </PropertyGroup>
  <PropertyGroup Condition=" '$(Configuration)|$(Platform)' == 'Debug|AnyCPU' ">
    <Version>7.0</Version>
    <DCC_ExeOutput>..\MirServer\LoginGate</DCC_ExeOutput>
    <DCC_DcuOutput>..\Build\LoginGate</DCC_DcuOutput>
    <DCC_ObjOutput>..\Build\LoginGate</DCC_ObjOutput>
    <DCC_HppOutput>..\Build\LoginGate</DCC_HppOutput>
    <DCC_UnitSearchPath>..\Common;..\Component\JSocket</DCC_UnitSearchPath>
    <DCC_ResourcePath>..\Common;..\Component\JSocket</DCC_ResourcePath>
    <DCC_ObjPath>..\Common;..\Component\JSocket</DCC_ObjPath>
    <DCC_IncludePath>..\Common;..\Component\JSocket</DCC_IncludePath>
    <DCC_Define>DEBUG</DCC_Define>
  </PropertyGroup>
  <ProjectExtensions>
    <Borland.Personality>Delphi.Personality</Borland.Personality>
    <Borland.ProjectType>VCLApplication</Borland.ProjectType>
    <BorlandProject>
<BorlandProject xmlns=""> <Delphi.Personality>   <Parameters>
      <Parameters Name="UseLauncher">False</Parameters>
      <Parameters Name="LoadAllSymbols">True</Parameters>
      <Parameters Name="LoadUnspecifiedSymbols">False</Parameters>
    </Parameters>
    <VersionInfo>
      <VersionInfo Name="IncludeVerInfo">False</VersionInfo>
      <VersionInfo Name="AutoIncBuild">False</VersionInfo>
      <VersionInfo Name="MajorVer">1</VersionInfo>
      <VersionInfo Name="MinorVer">0</VersionInfo>
      <VersionInfo Name="Release">0</VersionInfo>
      <VersionInfo Name="Build">0</VersionInfo>
      <VersionInfo Name="Debug">False</VersionInfo>
      <VersionInfo Name="PreRelease">False</VersionInfo>
      <VersionInfo Name="Special">False</VersionInfo>
      <VersionInfo Name="Private">False</VersionInfo>
      <VersionInfo Name="DLL">False</VersionInfo>
      <VersionInfo Name="Locale">2052</VersionInfo>
      <VersionInfo Name="CodePage">936</VersionInfo>
    </VersionInfo>
    <VersionInfoKeys>
      <VersionInfoKeys Name="CompanyName"></VersionInfoKeys>
      <VersionInfoKeys Name="FileDescription"></VersionInfoKeys>
      <VersionInfoKeys Name="FileVersion">1.0.0.0</VersionInfoKeys>
      <VersionInfoKeys Name="InternalName"></VersionInfoKeys>
      <VersionInfoKeys Name="LegalCopyright"></VersionInfoKeys>
      <VersionInfoKeys Name="LegalTrademarks"></VersionInfoKeys>
      <VersionInfoKeys Name="OriginalFilename"></VersionInfoKeys>
      <VersionInfoKeys Name="ProductName"></VersionInfoKeys>
      <VersionInfoKeys Name="ProductVersion">1.0.0.0</VersionInfoKeys>
      <VersionInfoKeys Name="Comments"></VersionInfoKeys>
    </VersionInfoKeys>
    <Source>
      <Source Name="MainSource">LoginGate.dpr</Source>
    </Source>
  </Delphi.Personality> </BorlandProject></BorlandProject>
  </ProjectExtensions>
  <ItemGroup />
  <ItemGroup>
    <DelphiCompile Include="LoginGate.dpr">
      <MainSource>MainSource</MainSource>
    </DelphiCompile>
    <DCCReference Include="..\Common\Common.pas" />
    <DCCReference Include="GateShare.pas" />
    <DCCReference Include="GeneralConfig.pas">
      <Form>frmGeneralConfig</Form>
    </DCCReference>
    <DCCReference Include="Grobal2.pas" />
    <DCCReference Include="HUtil32.pas" />
    <DCCReference Include="IPaddrFilter.pas">
      <Form>frmIPaddrFilter</Form>
    </DCCReference>
    <DCCReference Include="Main.pas">
      <Form>FrmMain</Form>
    </DCCReference>
  </ItemGroup>
  <Import Project="$(MSBuildBinPath)\Borland.Delphi.Targets" />
</Project>